
Microsoft Visual Studio Solution File, Format Version 12.00
# Visual Studio 15
Project("{FAE04EC0-301F-11D3-BF4B-00C04F79EFBC}") = "Assembly-CSharp-firstpass", "Assembly-CSharp-firstpass.csproj", "{AE71ADCE-89CE-6906-29D2-5127FC20DD1D}"
EndProject
Project("{FAE04EC0-301F-11D3-BF4B-00C04F79EFBC}") = "Assembly-CSharp-firstpass", "Assembly-CSharp-firstpass.Player.csproj", "{A9D7D2A8-50FC-A311-0D75-AB918D6C7BBF}"
EndProject
Global
	GlobalSection(SolutionConfigurationPlatforms) = preSolution
		Debug|Any CPU = Debug|Any CPU
		Release|Any CPU = Release|Any CPU
	EndGlobalSection
	GlobalSection(ProjectConfigurationPlatforms) = postSolution
		{AE71ADCE-89CE-6906-29D2-5127FC20DD1D}.Debug|Any CPU.ActiveCfg = Debug|Any CPU
		{AE71ADCE-89CE-6906-29D2-5127FC20DD1D}.Debug|Any CPU.Build.0 = Debug|Any CPU
		{AE71ADCE-89CE-6906-29D2-5127FC20DD1D}.Release|Any CPU.ActiveCfg = Release|Any CPU
		{AE71ADCE-89CE-6906-29D2-5127FC20DD1D}.Release|Any CPU.Build.0 = Release|Any CPU
		{A9D7D2A8-50FC-A311-0D75-AB918D6C7BBF}.Debug|Any CPU.ActiveCfg = Debug|Any CPU
		{A9D7D2A8-50FC-A311-0D75-AB918D6C7BBF}.Debug|Any CPU.Build.0 = Debug|Any CPU
		{A9D7D2A8-50FC-A311-0D75-AB918D6C7BBF}.Release|Any CPU.ActiveCfg = Release|Any CPU
		{A9D7D2A8-50FC-A311-0D75-AB918D6C7BBF}.Release|Any CPU.Build.0 = Release|Any CPU
	EndGlobalSection
	GlobalSection(SolutionProperties) = preSolution
		HideSolutionNode = FALSE
	EndGlobalSection
EndGlobal
